Microsoft Visual Studio Solution File, Format Version 11.00
# Visual Studio 2008

Project("{2298DE96-3E3E-AA0C-3A62-8235C7949F20}") = "GolfDemo", "Assembly-CSharp.csproj", "{31530EBD-9266-FC9F-8889-87572A2D75E1}"
EndProject
Global
	GlobalSection(SolutionConfigurationPlatforms) = preSolution
		Debug|Any CPU = Debug|Any CPU
		Release|Any CPU = Release|Any CPU
	EndGlobalSection
	GlobalSection(ProjectConfigurationPlatforms) = postSolution
		{31530EBD-9266-FC9F-8889-87572A2D75E1}.Debug|Any CPU.ActiveCfg = Debug|Any CPU
		{31530EBD-9266-FC9F-8889-87572A2D75E1}.Debug|Any CPU.Build.0 = Debug|Any CPU
		{31530EBD-9266-FC9F-8889-87572A2D75E1}.Release|Any CPU.ActiveCfg = Release|Any CPU
		{31530EBD-9266-FC9F-8889-87572A2D75E1}.Release|Any CPU.Build.0 = Release|Any CPU
	EndGlobalSection
	GlobalSection(SolutionProperties) = preSolution
		HideSolutionNode = FALSE
	EndGlobalSection
	GlobalSection(MonoDevelopProperties) = preSolution
		StartupItem = Assembly-CSharp.csproj
	EndGlobalSection
EndGlobal
